<?xml version="1.0" encoding="UTF-8" standalone="yes" ?>
<CodeBlocks_project_file>
	<FileVersion major="1" minor="6" />
	<Project>
		<Option title="AirlineSystem" />
		<Option pch_mode="2" />
		<Option compiler="gcc" />
		<Build>
			<Target title="Debug">
				<Option output="bin/Debug/AirlineSystem" prefix_auto="1" extension_auto="1" />
				<Option object_output="obj/Debug/" />
				<Option type="1" />
				<Option compiler="gcc" />
				<Compiler>
					<Add option="-g" />
					<Add directory="include" />
				</Compiler>
			</Target>
			<Target title="Release">
				<Option output="bin/Release/AirlineSystem" prefix_auto="1" extension_auto="1" />
				<Option object_output="obj/Release/" />
				<Option type="1" />
				<Option compiler="gcc" />
				<Compiler>
					<Add option="-O2" />
					<Add directory="include" />
				</Compiler>
				<Linker>
					<Add option="-s" />
				</Linker>
			</Target>
		</Build>
		<Compiler>
			<Add option="-Wall" />
			<Add option="-fexceptions" />
		</Compiler>
		<Unit filename="include/Airline.h" />
		<Unit filename="include/AirlineGraph.h" />
		<Unit filename="include/Airport.h" />
		<Unit filename="include/BookOrder.h" />
		<Unit filename="include/FileUtil.h" />
		<Unit filename="include/MappingUtil.h" />
		<Unit filename="include/Route.h" />
		<Unit filename="include/System.h" />
		<Unit filename="include/TimeUtil.h" />
		<Unit filename="include/jsonxx.h" />
		<Unit filename="main.cpp" />
		<Unit filename="src/Airline.cpp" />
		<Unit filename="src/AirlineGraph.cpp" />
		<Unit filename="src/Airport.cpp" />
		<Unit filename="src/BookOrder.cpp" />
		<Unit filename="src/FileUtil.cpp" />
		<Unit filename="src/MappingUtil.cpp" />
		<Unit filename="src/Route.cpp" />
		<Unit filename="src/System.cpp" />
		<Unit filename="src/TimeUtil.cpp" />
		<Unit filename="src/jsonxx.cpp" />
		<Extensions>
			<code_completion />
			<envvars />
			<debugger />
			<lib_finder disable_auto="1" />
			<DoxyBlocks>
				<comment_style block="0" line="0" />
				<doxyfile_project output_language="" />
				<doxyfile_build />
				<doxyfile_warnings />
				<doxyfile_output />
				<doxyfile_dot />
				<general />
			</DoxyBlocks>
		</Extensions>
	</Project>
</CodeBlocks_project_file>
